
Microsoft Visual Studio Solution File, Format Version 12.00
# Visual Studio 2012
Project("{FAE04EC0-301F-11D3-BF4B-00C04F79EFBC}") = "TLibCS", "TLibCS.csproj", "{99A0C30E-1C94-4EC1-882B-D08FD768DCA6}"
EndProject
Project("{FAE04EC0-301F-11D3-BF4B-00C04F79EFBC}") = "Example", "..\Example\Example.csproj", "{9011647A-F5B6-425C-8EB8-A9315E483259}"
EndProject
Global
	GlobalSection(SolutionConfigurationPlatforms) = preSolution
		Debug|Any CPU = Debug|Any CPU
		Release|Any CPU = Release|Any CPU
	EndGlobalSection
	GlobalSection(ProjectConfigurationPlatforms) = postSolution
		{99A0C30E-1C94-4EC1-882B-D08FD768DCA6}.Debug|Any CPU.ActiveCfg = Debug|Any CPU
		{99A0C30E-1C94-4EC1-882B-D08FD768DCA6}.Debug|Any CPU.Build.0 = Debug|Any CPU
		{99A0C30E-1C94-4EC1-882B-D08FD768DCA6}.Release|Any CPU.ActiveCfg = Release|Any CPU
		{99A0C30E-1C94-4EC1-882B-D08FD768DCA6}.Release|Any CPU.Build.0 = Release|Any CPU
		{9011647A-F5B6-425C-8EB8-A9315E483259}.Debug|Any CPU.ActiveCfg = Debug|Any CPU
		{9011647A-F5B6-425C-8EB8-A9315E483259}.Debug|Any CPU.Build.0 = Debug|Any CPU
		{9011647A-F5B6-425C-8EB8-A9315E483259}.Release|Any CPU.ActiveCfg = Release|Any CPU
		{9011647A-F5B6-425C-8EB8-A9315E483259}.Release|Any CPU.Build.0 = Release|Any CPU
	EndGlobalSection
	GlobalSection(SolutionProperties) = preSolution
		HideSolutionNode = FALSE
	EndGlobalSection
EndGlobal
