
Microsoft Visual Studio Solution File, Format Version 12.00
# Visual Studio 2012
Project("{FAE04EC0-301F-11D3-BF4B-00C04F79EFBC}") = "TLibCS", "TLibCS.csproj", "{727E0EA4-A6AB-44D6-8AB5-776C43DA56CF}"
EndProject
Project("{FAE04EC0-301F-11D3-BF4B-00C04F79EFBC}") = "Example", "..\Example\Example.csproj", "{484B5583-EBAD-4F8A-BE6B-3513350F0664}"
EndProject
Global
	GlobalSection(SolutionConfigurationPlatforms) = preSolution
		Debug|Any CPU = Debug|Any CPU
		Release|Any CPU = Release|Any CPU
	EndGlobalSection
	GlobalSection(ProjectConfigurationPlatforms) = postSolution
		{727E0EA4-A6AB-44D6-8AB5-776C43DA56CF}.Debug|Any CPU.ActiveCfg = Debug|Any CPU
		{727E0EA4-A6AB-44D6-8AB5-776C43DA56CF}.Debug|Any CPU.Build.0 = Debug|Any CPU
		{727E0EA4-A6AB-44D6-8AB5-776C43DA56CF}.Release|Any CPU.ActiveCfg = Release|Any CPU
		{727E0EA4-A6AB-44D6-8AB5-776C43DA56CF}.Release|Any CPU.Build.0 = Release|Any CPU
		{484B5583-EBAD-4F8A-BE6B-3513350F0664}.Debug|Any CPU.ActiveCfg = Debug|Any CPU
		{484B5583-EBAD-4F8A-BE6B-3513350F0664}.Debug|Any CPU.Build.0 = Debug|Any CPU
		{484B5583-EBAD-4F8A-BE6B-3513350F0664}.Release|Any CPU.ActiveCfg = Release|Any CPU
		{484B5583-EBAD-4F8A-BE6B-3513350F0664}.Release|Any CPU.Build.0 = Release|Any CPU
	EndGlobalSection
	GlobalSection(SolutionProperties) = preSolution
		HideSolutionNode = FALSE
	EndGlobalSection
EndGlobal
